
Microsoft Visual Studio Solution File, Format Version 12.00
# Visual Studio Version 17
VisualStudioVersion = 17.9.34728.123
MinimumVisualStudioVersion = 10.0.40219.1
Project("{FAE04EC0-301F-11D3-BF4B-00C04F79EFBC}") = "Leetcode Two Sum", "Leetcode Two Sum\Leetcode Two Sum.csproj", "{30675C4D-7C86-4428-B638-A801BE80A13D}"
EndProject
Global
	GlobalSection(SolutionConfigurationPlatforms) = preSolution
		Debug|Any CPU = Debug|Any CPU
		Release|Any CPU = Release|Any CPU
	EndGlobalSection
	GlobalSection(ProjectConfigurationPlatforms) = postSolution
		{30675C4D-7C86-4428-B638-A801BE80A13D}.Debug|Any CPU.ActiveCfg = Debug|Any CPU
		{30675C4D-7C86-4428-B638-A801BE80A13D}.Debug|Any CPU.Build.0 = Debug|Any CPU
		{30675C4D-7C86-4428-B638-A801BE80A13D}.Release|Any CPU.ActiveCfg = Release|Any CPU
		{30675C4D-7C86-4428-B638-A801BE80A13D}.Release|Any CPU.Build.0 = Release|Any CPU
	EndGlobalSection
	GlobalSection(SolutionProperties) = preSolution
		HideSolutionNode = FALSE
	EndGlobalSection
	GlobalSection(ExtensibilityGlobals) = postSolution
		SolutionGuid = {3B3A5EED-FBDC-4111-842C-A59385582CD9}
	EndGlobalSection
EndGlobal
